
Microsoft Visual Studio Solution File, Format Version 11.00
# Visual Studio 2010
Project("{2150E333-8FDC-42A3-9474-1A3956D46DE8}") = "proj", "proj", "{06FD3DEE-6B33-408C-AFE4-6FADE5525AB0}"
EndProject
Project("{2150E333-8FDC-42A3-9474-1A3956D46DE8}") = "tests", "tests", "{092DA80E-4854-41FD-91F7-D996F41419F2}"
EndProject
Project("{FAE04EC0-301F-11D3-BF4B-00C04F79EFBC}") = "CommonDomain", "proj\CommonDomain\CommonDomain.csproj", "{E07187E1-EEE1-44DF-996A-C4733F327BDC}"
EndProject
Project("{FAE04EC0-301F-11D3-BF4B-00C04F79EFBC}") = "CommonDomain.Core", "proj\CommonDomain.Core\CommonDomain.Core.csproj", "{51C99F4D-CCF0-431A-B37C-D620EF1DF37B}"
EndProject
Project("{FAE04EC0-301F-11D3-BF4B-00C04F79EFBC}") = "CommonDomain.Persistence", "proj\CommonDomain.Persistence\CommonDomain.Persistence.csproj", "{75C8F482-B38D-428C-AD67-890B40E35A63}"
EndProject
Project("{FAE04EC0-301F-11D3-BF4B-00C04F79EFBC}") = "CommonDomain.Persistence.EventStore", "proj\CommonDomain.Persistence.EventStore\CommonDomain.Persistence.EventStore.csproj", "{F489D9D1-F275-4018-A86F-D84352BCD4E9}"
EndProject
Project("{2150E333-8FDC-42A3-9474-1A3956D46DE8}") = "Example", "Example", "{21EAA431-7A2B-43C3-ABCD-7AEE80F99266}"
EndProject
Project("{FAE04EC0-301F-11D3-BF4B-00C04F79EFBC}") = "example1", "example\example1\example1.csproj", "{15903C05-3822-4034-AF0B-DB1A3611FB46}"
EndProject
Project("{FAE04EC0-301F-11D3-BF4B-00C04F79EFBC}") = "RunExample1", "example\RunExample1\RunExample1.csproj", "{3DACA737-B995-42BD-9FE7-CC34EA1B33DF}"
EndProject
Project("{FAE04EC0-301F-11D3-BF4B-00C04F79EFBC}") = "Tests", "tests\Tests\Tests.csproj", "{FADA50FE-0D9B-478E-A443-4C536B3B3152}"
EndProject
Project("{FAE04EC0-301F-11D3-BF4B-00C04F79EFBC}") = "DocumentationRunner", "tests\DocumentationRunner\DocumentationRunner.csproj", "{B3993798-2C3C-47DA-AA50-1DDB4B077616}"
EndProject
Global
	GlobalSection(SolutionConfigurationPlatforms) = preSolution
		Debug|Any CPU = Debug|Any CPU
		Debug|Mixed Platforms = Debug|Mixed Platforms
		Debug|x86 = Debug|x86
		NuPackRelease|Any CPU = NuPackRelease|Any CPU
		NuPackRelease|Mixed Platforms = NuPackRelease|Mixed Platforms
		NuPackRelease|x86 = NuPackRelease|x86
		Release|Any CPU = Release|Any CPU
		Release|Mixed Platforms = Release|Mixed Platforms
		Release|x86 = Release|x86
	EndGlobalSection
	GlobalSection(ProjectConfigurationPlatforms) = postSolution
		{E07187E1-EEE1-44DF-996A-C4733F327BDC}.Debug|Any CPU.ActiveCfg = Debug|Any CPU
		{E07187E1-EEE1-44DF-996A-C4733F327BDC}.Debug|Any CPU.Build.0 = Debug|Any CPU
		{E07187E1-EEE1-44DF-996A-C4733F327BDC}.Debug|Mixed Platforms.ActiveCfg = Debug|Any CPU
		{E07187E1-EEE1-44DF-996A-C4733F327BDC}.Debug|Mixed Platforms.Build.0 = Debug|Any CPU
		{E07187E1-EEE1-44DF-996A-C4733F327BDC}.Debug|x86.ActiveCfg = Debug|Any CPU
		{E07187E1-EEE1-44DF-996A-C4733F327BDC}.NuPackRelease|Any CPU.ActiveCfg = Release|Any CPU
		{E07187E1-EEE1-44DF-996A-C4733F327BDC}.NuPackRelease|Any CPU.Build.0 = Release|Any CPU
		{E07187E1-EEE1-44DF-996A-C4733F327BDC}.NuPackRelease|Mixed Platforms.ActiveCfg = Release|Any CPU
		{E07187E1-EEE1-44DF-996A-C4733F327BDC}.NuPackRelease|Mixed Platforms.Build.0 = Release|Any CPU
		{E07187E1-EEE1-44DF-996A-C4733F327BDC}.NuPackRelease|x86.ActiveCfg = Release|Any CPU
		{E07187E1-EEE1-44DF-996A-C4733F327BDC}.Release|Any CPU.ActiveCfg = Release|Any CPU
		{E07187E1-EEE1-44DF-996A-C4733F327BDC}.Release|Any CPU.Build.0 = Release|Any CPU
		{E07187E1-EEE1-44DF-996A-C4733F327BDC}.Release|Mixed Platforms.ActiveCfg = Release|Any CPU
		{E07187E1-EEE1-44DF-996A-C4733F327BDC}.Release|Mixed Platforms.Build.0 = Release|Any CPU
		{E07187E1-EEE1-44DF-996A-C4733F327BDC}.Release|x86.ActiveCfg = Release|Any CPU
		{51C99F4D-CCF0-431A-B37C-D620EF1DF37B}.Debug|Any CPU.ActiveCfg = Debug|Any CPU
		{51C99F4D-CCF0-431A-B37C-D620EF1DF37B}.Debug|Any CPU.Build.0 = Debug|Any CPU
		{51C99F4D-CCF0-431A-B37C-D620EF1DF37B}.Debug|Mixed Platforms.ActiveCfg = Debug|Any CPU
		{51C99F4D-CCF0-431A-B37C-D620EF1DF37B}.Debug|Mixed Platforms.Build.0 = Debug|Any CPU
		{51C99F4D-CCF0-431A-B37C-D620EF1DF37B}.Debug|x86.ActiveCfg = Debug|Any CPU
		{51C99F4D-CCF0-431A-B37C-D620EF1DF37B}.NuPackRelease|Any CPU.ActiveCfg = Release|Any CPU
		{51C99F4D-CCF0-431A-B37C-D620EF1DF37B}.NuPackRelease|Any CPU.Build.0 = Release|Any CPU
		{51C99F4D-CCF0-431A-B37C-D620EF1DF37B}.NuPackRelease|Mixed Platforms.ActiveCfg = Release|Any CPU
		{51C99F4D-CCF0-431A-B37C-D620EF1DF37B}.NuPackRelease|Mixed Platforms.Build.0 = Release|Any CPU
		{51C99F4D-CCF0-431A-B37C-D620EF1DF37B}.NuPackRelease|x86.ActiveCfg = Release|Any CPU
		{51C99F4D-CCF0-431A-B37C-D620EF1DF37B}.Release|Any CPU.ActiveCfg = Release|Any CPU
		{51C99F4D-CCF0-431A-B37C-D620EF1DF37B}.Release|Any CPU.Build.0 = Release|Any CPU
		{51C99F4D-CCF0-431A-B37C-D620EF1DF37B}.Release|Mixed Platforms.ActiveCfg = Release|Any CPU
		{51C99F4D-CCF0-431A-B37C-D620EF1DF37B}.Release|Mixed Platforms.Build.0 = Release|Any CPU
		{51C99F4D-CCF0-431A-B37C-D620EF1DF37B}.Release|x86.ActiveCfg = Release|Any CPU
		{75C8F482-B38D-428C-AD67-890B40E35A63}.Debug|Any CPU.ActiveCfg = Debug|Any CPU
		{75C8F482-B38D-428C-AD67-890B40E35A63}.Debug|Any CPU.Build.0 = Debug|Any CPU
		{75C8F482-B38D-428C-AD67-890B40E35A63}.Debug|Mixed Platforms.ActiveCfg = Debug|Any CPU
		{75C8F482-B38D-428C-AD67-890B40E35A63}.Debug|Mixed Platforms.Build.0 = Debug|Any CPU
		{75C8F482-B38D-428C-AD67-890B40E35A63}.Debug|x86.ActiveCfg = Debug|Any CPU
		{75C8F482-B38D-428C-AD67-890B40E35A63}.NuPackRelease|Any CPU.ActiveCfg = Release|Any CPU
		{75C8F482-B38D-428C-AD67-890B40E35A63}.NuPackRelease|Any CPU.Build.0 = Release|Any CPU
		{75C8F482-B38D-428C-AD67-890B40E35A63}.NuPackRelease|Mixed Platforms.ActiveCfg = Release|Any CPU
		{75C8F482-B38D-428C-AD67-890B40E35A63}.NuPackRelease|Mixed Platforms.Build.0 = Release|Any CPU
		{75C8F482-B38D-428C-AD67-890B40E35A63}.NuPackRelease|x86.ActiveCfg = Release|Any CPU
		{75C8F482-B38D-428C-AD67-890B40E35A63}.Release|Any CPU.ActiveCfg = Release|Any CPU
		{75C8F482-B38D-428C-AD67-890B40E35A63}.Release|Any CPU.Build.0 = Release|Any CPU
		{75C8F482-B38D-428C-AD67-890B40E35A63}.Release|Mixed Platforms.ActiveCfg = Release|Any CPU
		{75C8F482-B38D-428C-AD67-890B40E35A63}.Release|Mixed Platforms.Build.0 = Release|Any CPU
		{75C8F482-B38D-428C-AD67-890B40E35A63}.Release|x86.ActiveCfg = Release|Any CPU
		{F489D9D1-F275-4018-A86F-D84352BCD4E9}.Debug|Any CPU.ActiveCfg = Debug|Any CPU
		{F489D9D1-F275-4018-A86F-D84352BCD4E9}.Debug|Any CPU.Build.0 = Debug|Any CPU
		{F489D9D1-F275-4018-A86F-D84352BCD4E9}.Debug|Mixed Platforms.ActiveCfg = Debug|Any CPU
		{F489D9D1-F275-4018-A86F-D84352BCD4E9}.Debug|Mixed Platforms.Build.0 = Debug|Any CPU
		{F489D9D1-F275-4018-A86F-D84352BCD4E9}.Debug|x86.ActiveCfg = Debug|Any CPU
		{F489D9D1-F275-4018-A86F-D84352BCD4E9}.NuPackRelease|Any CPU.ActiveCfg = Release|Any CPU
		{F489D9D1-F275-4018-A86F-D84352BCD4E9}.NuPackRelease|Any CPU.Build.0 = Release|Any CPU
		{F489D9D1-F275-4018-A86F-D84352BCD4E9}.NuPackRelease|Mixed Platforms.ActiveCfg = Release|Any CPU
		{F489D9D1-F275-4018-A86F-D84352BCD4E9}.NuPackRelease|Mixed Platforms.Build.0 = Release|Any CPU
		{F489D9D1-F275-4018-A86F-D84352BCD4E9}.NuPackRelease|x86.ActiveCfg = Release|Any CPU
		{F489D9D1-F275-4018-A86F-D84352BCD4E9}.Release|Any CPU.ActiveCfg = Release|Any CPU
		{F489D9D1-F275-4018-A86F-D84352BCD4E9}.Release|Any CPU.Build.0 = Release|Any CPU
		{F489D9D1-F275-4018-A86F-D84352BCD4E9}.Release|Mixed Platforms.ActiveCfg = Release|Any CPU
		{F489D9D1-F275-4018-A86F-D84352BCD4E9}.Release|Mixed Platforms.Build.0 = Release|Any CPU
		{F489D9D1-F275-4018-A86F-D84352BCD4E9}.Release|x86.ActiveCfg = Release|Any CPU
		{15903C05-3822-4034-AF0B-DB1A3611FB46}.Debug|Any CPU.ActiveCfg = Debug|Any CPU
		{15903C05-3822-4034-AF0B-DB1A3611FB46}.Debug|Any CPU.Build.0 = Debug|Any CPU
		{15903C05-3822-4034-AF0B-DB1A3611FB46}.Debug|Mixed Platforms.ActiveCfg = Debug|Any CPU
		{15903C05-3822-4034-AF0B-DB1A3611FB46}.Debug|Mixed Platforms.Build.0 = Debug|Any CPU
		{15903C05-3822-4034-AF0B-DB1A3611FB46}.Debug|x86.ActiveCfg = Debug|Any CPU
		{15903C05-3822-4034-AF0B-DB1A3611FB46}.NuPackRelease|Any CPU.ActiveCfg = Release|Any CPU
		{15903C05-3822-4034-AF0B-DB1A3611FB46}.NuPackRelease|Any CPU.Build.0 = Release|Any CPU
		{15903C05-3822-4034-AF0B-DB1A3611FB46}.NuPackRelease|Mixed Platforms.ActiveCfg = Release|Any CPU
		{15903C05-3822-4034-AF0B-DB1A3611FB46}.NuPackRelease|Mixed Platforms.Build.0 = Release|Any CPU
		{15903C05-3822-4034-AF0B-DB1A3611FB46}.NuPackRelease|x86.ActiveCfg = Release|Any CPU
		{15903C05-3822-4034-AF0B-DB1A3611FB46}.Release|Any CPU.ActiveCfg = Release|Any CPU
		{15903C05-3822-4034-AF0B-DB1A3611FB46}.Release|Any CPU.Build.0 = Release|Any CPU
		{15903C05-3822-4034-AF0B-DB1A3611FB46}.Release|Mixed Platforms.ActiveCfg = Release|Any CPU
		{15903C05-3822-4034-AF0B-DB1A3611FB46}.Release|Mixed Platforms.Build.0 = Release|Any CPU
		{15903C05-3822-4034-AF0B-DB1A3611FB46}.Release|x86.ActiveCfg = Release|Any CPU
		{3DACA737-B995-42BD-9FE7-CC34EA1B33DF}.Debug|Any CPU.ActiveCfg = Debug|x86
		{3DACA737-B995-42BD-9FE7-CC34EA1B33DF}.Debug|Mixed Platforms.ActiveCfg = Debug|x86
		{3DACA737-B995-42BD-9FE7-CC34EA1B33DF}.Debug|Mixed Platforms.Build.0 = Debug|x86
		{3DACA737-B995-42BD-9FE7-CC34EA1B33DF}.Debug|x86.ActiveCfg = Debug|x86
		{3DACA737-B995-42BD-9FE7-CC34EA1B33DF}.Debug|x86.Build.0 = Debug|x86
		{3DACA737-B995-42BD-9FE7-CC34EA1B33DF}.NuPackRelease|Any CPU.ActiveCfg = Release|x86
		{3DACA737-B995-42BD-9FE7-CC34EA1B33DF}.NuPackRelease|Mixed Platforms.ActiveCfg = Release|x86
		{3DACA737-B995-42BD-9FE7-CC34EA1B33DF}.NuPackRelease|Mixed Platforms.Build.0 = Release|x86
		{3DACA737-B995-42BD-9FE7-CC34EA1B33DF}.NuPackRelease|x86.ActiveCfg = Release|x86
		{3DACA737-B995-42BD-9FE7-CC34EA1B33DF}.NuPackRelease|x86.Build.0 = Release|x86
		{3DACA737-B995-42BD-9FE7-CC34EA1B33DF}.Release|Any CPU.ActiveCfg = Release|x86
		{3DACA737-B995-42BD-9FE7-CC34EA1B33DF}.Release|Mixed Platforms.ActiveCfg = Release|x86
		{3DACA737-B995-42BD-9FE7-CC34EA1B33DF}.Release|Mixed Platforms.Build.0 = Release|x86
		{3DACA737-B995-42BD-9FE7-CC34EA1B33DF}.Release|x86.ActiveCfg = Release|x86
		{3DACA737-B995-42BD-9FE7-CC34EA1B33DF}.Release|x86.Build.0 = Release|x86
		{FADA50FE-0D9B-478E-A443-4C536B3B3152}.Debug|Any CPU.ActiveCfg = Debug|Any CPU
		{FADA50FE-0D9B-478E-A443-4C536B3B3152}.Debug|Any CPU.Build.0 = Debug|Any CPU
		{FADA50FE-0D9B-478E-A443-4C536B3B3152}.Debug|Mixed Platforms.ActiveCfg = Debug|Any CPU
		{FADA50FE-0D9B-478E-A443-4C536B3B3152}.Debug|Mixed Platforms.Build.0 = Debug|Any CPU
		{FADA50FE-0D9B-478E-A443-4C536B3B3152}.Debug|x86.ActiveCfg = Debug|Any CPU
		{FADA50FE-0D9B-478E-A443-4C536B3B3152}.NuPackRelease|Any CPU.ActiveCfg = Release|Any CPU
		{FADA50FE-0D9B-478E-A443-4C536B3B3152}.NuPackRelease|Any CPU.Build.0 = Release|Any CPU
		{FADA50FE-0D9B-478E-A443-4C536B3B3152}.NuPackRelease|Mixed Platforms.ActiveCfg = Release|Any CPU
		{FADA50FE-0D9B-478E-A443-4C536B3B3152}.NuPackRelease|Mixed Platforms.Build.0 = Release|Any CPU
		{FADA50FE-0D9B-478E-A443-4C536B3B3152}.NuPackRelease|x86.ActiveCfg = Release|Any CPU
		{FADA50FE-0D9B-478E-A443-4C536B3B3152}.Release|Any CPU.ActiveCfg = Release|Any CPU
		{FADA50FE-0D9B-478E-A443-4C536B3B3152}.Release|Any CPU.Build.0 = Release|Any CPU
		{FADA50FE-0D9B-478E-A443-4C536B3B3152}.Release|Mixed Platforms.ActiveCfg = Release|Any CPU
		{FADA50FE-0D9B-478E-A443-4C536B3B3152}.Release|Mixed Platforms.Build.0 = Release|Any CPU
		{FADA50FE-0D9B-478E-A443-4C536B3B3152}.Release|x86.ActiveCfg = Release|Any CPU
		{B3993798-2C3C-47DA-AA50-1DDB4B077616}.Debug|Any CPU.ActiveCfg = Debug|x86
		{B3993798-2C3C-47DA-AA50-1DDB4B077616}.Debug|Mixed Platforms.ActiveCfg = Debug|x86
		{B3993798-2C3C-47DA-AA50-1DDB4B077616}.Debug|Mixed Platforms.Build.0 = Debug|x86
		{B3993798-2C3C-47DA-AA50-1DDB4B077616}.Debug|x86.ActiveCfg = Debug|x86
		{B3993798-2C3C-47DA-AA50-1DDB4B077616}.Debug|x86.Build.0 = Debug|x86
		{B3993798-2C3C-47DA-AA50-1DDB4B077616}.NuPackRelease|Any CPU.ActiveCfg = Release|x86
		{B3993798-2C3C-47DA-AA50-1DDB4B077616}.NuPackRelease|Mixed Platforms.ActiveCfg = Release|x86
		{B3993798-2C3C-47DA-AA50-1DDB4B077616}.NuPackRelease|Mixed Platforms.Build.0 = Release|x86
		{B3993798-2C3C-47DA-AA50-1DDB4B077616}.NuPackRelease|x86.ActiveCfg = Release|x86
		{B3993798-2C3C-47DA-AA50-1DDB4B077616}.NuPackRelease|x86.Build.0 = Release|x86
		{B3993798-2C3C-47DA-AA50-1DDB4B077616}.Release|Any CPU.ActiveCfg = Release|x86
		{B3993798-2C3C-47DA-AA50-1DDB4B077616}.Release|Mixed Platforms.ActiveCfg = Release|x86
		{B3993798-2C3C-47DA-AA50-1DDB4B077616}.Release|Mixed Platforms.Build.0 = Release|x86
		{B3993798-2C3C-47DA-AA50-1DDB4B077616}.Release|x86.ActiveCfg = Release|x86
		{B3993798-2C3C-47DA-AA50-1DDB4B077616}.Release|x86.Build.0 = Release|x86
	EndGlobalSection
	GlobalSection(SolutionProperties) = preSolution
		HideSolutionNode = FALSE
	EndGlobalSection
	GlobalSection(NestedProjects) = preSolution
		{E07187E1-EEE1-44DF-996A-C4733F327BDC} = {06FD3DEE-6B33-408C-AFE4-6FADE5525AB0}
		{51C99F4D-CCF0-431A-B37C-D620EF1DF37B} = {06FD3DEE-6B33-408C-AFE4-6FADE5525AB0}
		{75C8F482-B38D-428C-AD67-890B40E35A63} = {06FD3DEE-6B33-408C-AFE4-6FADE5525AB0}
		{F489D9D1-F275-4018-A86F-D84352BCD4E9} = {06FD3DEE-6B33-408C-AFE4-6FADE5525AB0}
		{FADA50FE-0D9B-478E-A443-4C536B3B3152} = {092DA80E-4854-41FD-91F7-D996F41419F2}
		{B3993798-2C3C-47DA-AA50-1DDB4B077616} = {092DA80E-4854-41FD-91F7-D996F41419F2}
		{15903C05-3822-4034-AF0B-DB1A3611FB46} = {21EAA431-7A2B-43C3-ABCD-7AEE80F99266}
		{3DACA737-B995-42BD-9FE7-CC34EA1B33DF} = {21EAA431-7A2B-43C3-ABCD-7AEE80F99266}
	EndGlobalSection
EndGlobal
